
Microsoft Visual Studio Solution File, Format Version 12.00
# Visual Studio Version 17
VisualStudioVersion = 17.3.32922.545
MinimumVisualStudioVersion = 10.0.40219.1
Project("{8BC9CEB8-8B4A-11D0-8D11-00A0C91BC942}") = "MathLibrary", "MathLibrary\MathLibrary.vcxproj", "{2A9FC293-EFDB-47AD-99CF-82C87065DF0F}"
EndProject
Project("{8BC9CEB8-8B4A-11D0-8D11-00A0C91BC942}") = "MathClient", "MathClient\MathClient.vcxproj", "{EC4FE527-4C4C-4698-9CCE-78FED72D2720}"
EndProject
Global
	GlobalSection(SolutionConfigurationPlatforms) = preSolution
		Debug|x64 = Debug|x64
		Debug|x86 = Debug|x86
		Release|x64 = Release|x64
		Release|x86 = Release|x86
	EndGlobalSection
	GlobalSection(ProjectConfigurationPlatforms) = postSolution
		{2A9FC293-EFDB-47AD-99CF-82C87065DF0F}.Debug|x64.ActiveCfg = Debug|x64
		{2A9FC293-EFDB-47AD-99CF-82C87065DF0F}.Debug|x64.Build.0 = Debug|x64
		{2A9FC293-EFDB-47AD-99CF-82C87065DF0F}.Debug|x86.ActiveCfg = Debug|Win32
		{2A9FC293-EFDB-47AD-99CF-82C87065DF0F}.Debug|x86.Build.0 = Debug|Win32
		{2A9FC293-EFDB-47AD-99CF-82C87065DF0F}.Release|x64.ActiveCfg = Release|x64
		{2A9FC293-EFDB-47AD-99CF-82C87065DF0F}.Release|x64.Build.0 = Release|x64
		{2A9FC293-EFDB-47AD-99CF-82C87065DF0F}.Release|x86.ActiveCfg = Release|Win32
		{2A9FC293-EFDB-47AD-99CF-82C87065DF0F}.Release|x86.Build.0 = Release|Win32
		{EC4FE527-4C4C-4698-9CCE-78FED72D2720}.Debug|x64.ActiveCfg = Debug|x64
		{EC4FE527-4C4C-4698-9CCE-78FED72D2720}.Debug|x64.Build.0 = Debug|x64
		{EC4FE527-4C4C-4698-9CCE-78FED72D2720}.Debug|x86.ActiveCfg = Debug|Win32
		{EC4FE527-4C4C-4698-9CCE-78FED72D2720}.Debug|x86.Build.0 = Debug|Win32
		{EC4FE527-4C4C-4698-9CCE-78FED72D2720}.Release|x64.ActiveCfg = Release|x64
		{EC4FE527-4C4C-4698-9CCE-78FED72D2720}.Release|x64.Build.0 = Release|x64
		{EC4FE527-4C4C-4698-9CCE-78FED72D2720}.Release|x86.ActiveCfg = Release|Win32
		{EC4FE527-4C4C-4698-9CCE-78FED72D2720}.Release|x86.Build.0 = Release|Win32
	EndGlobalSection
	GlobalSection(SolutionProperties) = preSolution
		HideSolutionNode = FALSE
	EndGlobalSection
	GlobalSection(ExtensibilityGlobals) = postSolution
		SolutionGuid = {8A3DB134-61B6-4EA4-A8E1-F7A17ADCF33E}
	EndGlobalSection
EndGlobal
